
Microsoft Visual Studio Solution File, Format Version 12.00
# Visual Studio 15
VisualStudioVersion = 15.0.27703.2042
MinimumVisualStudioVersion = 10.0.40219.1
Project("{FAE04EC0-301F-11D3-BF4B-00C04F79EFBC}") = "JsonReaders", "JsonReaders\JsonReaders.csproj", "{998AB95D-ED00-4E21-AF57-110EB0543F6F}"
EndProject
Global
	GlobalSection(SolutionConfigurationPlatforms) = preSolution
		Debug|Any CPU = Debug|Any CPU
		Release|Any CPU = Release|Any CPU
	EndGlobalSection
	GlobalSection(ProjectConfigurationPlatforms) = postSolution
		{998AB95D-ED00-4E21-AF57-110EB0543F6F}.Debug|Any CPU.ActiveCfg = Debug|Any CPU
		{998AB95D-ED00-4E21-AF57-110EB0543F6F}.Debug|Any CPU.Build.0 = Debug|Any CPU
		{998AB95D-ED00-4E21-AF57-110EB0543F6F}.Release|Any CPU.ActiveCfg = Release|Any CPU
		{998AB95D-ED00-4E21-AF57-110EB0543F6F}.Release|Any CPU.Build.0 = Release|Any CPU
	EndGlobalSection
	GlobalSection(SolutionProperties) = preSolution
		HideSolutionNode = FALSE
	EndGlobalSection
	GlobalSection(ExtensibilityGlobals) = postSolution
		SolutionGuid = {55AE79E7-32DE-4544-AB79-7B8441D1AEFE}
	EndGlobalSection
EndGlobal
